
Microsoft Visual Studio Solution File, Format Version 12.00
# Visual Studio Version 17
VisualStudioVersion = 17.4.33110.190
MinimumVisualStudioVersion = 10.0.40219.1
Project("{9A19103F-16F7-4668-BE54-9A1E7A4F7556}") = "PenumbraMod", "PenumbraMod.csproj", "{85935D66-3DC2-4744-9638-FEE5C7605C99}"
EndProject
Global
	GlobalSection(SolutionConfigurationPlatforms) = preSolution
		Debug|Any CPU = Debug|Any CPU
		Release|Any CPU = Release|Any CPU
	EndGlobalSection
	GlobalSection(ProjectConfigurationPlatforms) = postSolution
		{85935D66-3DC2-4744-9638-FEE5C7605C99}.Debug|Any CPU.ActiveCfg = Debug|Any CPU
		{85935D66-3DC2-4744-9638-FEE5C7605C99}.Debug|Any CPU.Build.0 = Debug|Any CPU
		{85935D66-3DC2-4744-9638-FEE5C7605C99}.Release|Any CPU.ActiveCfg = Release|Any CPU
		{85935D66-3DC2-4744-9638-FEE5C7605C99}.Release|Any CPU.Build.0 = Release|Any CPU
	EndGlobalSection
	GlobalSection(SolutionProperties) = preSolution
		HideSolutionNode = FALSE
	EndGlobalSection
	GlobalSection(ExtensibilityGlobals) = postSolution
		SolutionGuid = {81EF39A5-F824-48B9-A212-45706B097E87}
	EndGlobalSection
EndGlobal
